lockfileVersion: '9.0'

settings:
  autoInstallPeers: true
  excludeLinksFromLockfile: false

importers:

  .:
    devDependencies:
      '@ianvs/prettier-plugin-sort-imports':
        specifier: 4.7.0
        version: 4.7.0(prettier@3.7.4)
      prettier:
        specifier: 3.7.4
        version: 3.7.4
      prettier-plugin-multiline-arrays:
        specifier: ^4.1.3
        version: 4.1.3(prettier@3.7.4)

packages:

  '@augment-vir/assert@31.56.0':
    resolution: {integrity: sha512-xAjRb0GhrODPh28s77DbZ17TKSMtXvq2eg+hKmiuiR+BXi+eemkAL2gfklHOqhbVh0rOMAP4mwH5o1uhZuTO4g==}
    engines: {node: '>=22'}

  '@augment-vir/common@31.56.0':
    resolution: {integrity: sha512-M75au74DU3B0hI5lf+Sgc9wkyMzTfnlIyKYCKjS9Zqg/hQkEAe2tObt2ZAy4wD6UsnpOQyRSCCyF34OGfm14EA==}
    engines: {node: '>=22'}

  '@augment-vir/core@31.56.0':
    resolution: {integrity: sha512-zDUTrLH+9+bYWIQ7+H0lF2JwdP37JNIllzOoxibTKLvAgXPGxI9SmMGcrFIVmdmZRhPes3p3sbqaNlwy3VGDsg==}
    engines: {node: '>=22'}

  '@babel/code-frame@7.27.1':
    resolution: {integrity: sha512-cjQ7ZlQ0Mv3b47hABuTevyTuYN4i+loJKGeV9flcCgIK37cCXRh+L1bd3iBHlynerhQ7BhCkn2BPbQUL+rGqFg==}
    engines: {node: '>=6.9.0'}

  '@babel/generator@7.28.5':
    resolution: {integrity: sha512-3EwLFhZ38J4VyIP6WNtt2kUdW9dokXA9Cr4IVIFHuCpZ3H8/YFOl5JjZHisrn1fATPBmKKqXzDFvh9fUwHz6CQ==}
    engines: {node: '>=6.9.0'}

  '@babel/helper-globals@7.28.0':
    resolution: {integrity: sha512-+W6cISkXFa1jXsDEdYA8HeevQT/FULhxzR99pxphltZcVaugps53THCeiWA8SguxxpSp3gKPiuYfSWopkLQ4hw==}
    engines: {node: '>=6.9.0'}

  '@babel/helper-string-parser@7.27.1':
    resolution: {integrity: sha512-qMlSxKbpRlAridDExk92nSobyDdpPijUq2DW6oDnUqd0iOGxmQjyqhMIihI9+zv4LPyZdRje2cavWPbCbWm3eA==}
    engines: {node: '>=6.9.0'}

  '@babel/helper-validator-identifier@7.28.5':
    resolution: {integrity: sha512-qSs4ifwzKJSV39ucNjsvc6WVHs6b7S03sOh2OcHF9UHfVPqWWALUsNUVzhSBiItjRZoLHx7nIarVjqKVusUZ1Q==}
    engines: {node: '>=6.9.0'}

  '@babel/parser@7.28.5':
    resolution: {integrity: sha512-KKBU1VGYR7ORr3At5HAtUQ+TV3SzRCXmA/8OdDZiLDBIZxVyzXuztPjfLd3BV1PRAQGCMWWSHYhL0F8d5uHBDQ==}
    engines: {node: '>=6.0.0'}
    hasBin: true

  '@babel/template@7.27.2':
    resolution: {integrity: sha512-LPDZ85aEJyYSd18/DkjNh4/y1ntkE5KwUHWTiqgRxruuZL2F1yuHligVHLvcHY2vMHXttKFpJn6LwfI7cw7ODw==}
    engines: {node: '>=6.9.0'}

  '@babel/traverse@7.28.5':
    resolution: {integrity: sha512-TCCj4t55U90khlYkVV/0TfkJkAkUg3jZFA3Neb7unZT8CPok7iiRfaX0F+WnqWqt7OxhOn0uBKXCw4lbL8W0aQ==}
    engines: {node: '>=6.9.0'}

  '@babel/types@7.28.5':
    resolution: {integrity: sha512-qQ5m48eI/MFLQ5PxQj4PFaprjyCTLI37ElWMmNs0K8Lk3dVeOdNpB3ks8jc7yM5CDmVC73eMVk/trk3fgmrUpA==}
    engines: {node: '>=6.9.0'}

  '@date-vir/duration@8.1.0':
    resolution: {integrity: sha512-PwvII5Lo3dzZKpTIYHvPnrKQg6UlOY6V/z/ahPiSGt1HeAMlC96PPfuPZ9ZmzcrKQuAZgO9NzX67sXWRI3T62Q==}
    engines: {node: '>=22'}

  '@ianvs/prettier-plugin-sort-imports@4.7.0':
    resolution: {integrity: sha512-soa2bPUJAFruLL4z/CnMfSEKGznm5ebz29fIa9PxYtu8HHyLKNE1NXAs6dylfw1jn/ilEIfO2oLLN6uAafb7DA==}
    peerDependencies:
      '@prettier/plugin-oxc': ^0.0.4
      '@vue/compiler-sfc': 2.7.x || 3.x
      content-tag: ^4.0.0
      prettier: 2 || 3 || ^4.0.0-0
      prettier-plugin-ember-template-tag: ^2.1.0
    peerDependenciesMeta:
      '@prettier/plugin-oxc':
        optional: true
      '@vue/compiler-sfc':
        optional: true
      content-tag:
        optional: true
      prettier-plugin-ember-template-tag:
        optional: true

  '@jridgewell/gen-mapping@0.3.13':
    resolution: {integrity: sha512-2kkt/7niJ6MgEPxF0bYdQ6etZaA+fQvDcLKckhy1yIQOzaoKjBBjSj63/aLVjYE3qhRt5dvM+uUyfCg6UKCBbA==}

  '@jridgewell/resolve-uri@3.1.2':
    resolution: {integrity: sha512-bRISgCIjP20/tbWSPWMEi54QVPRZExkuD9lJL+UIxUKtwVJA8wW1Trb1jMs1RFXo1CBTNZ/5hpC9QvmKWdopKw==}
    engines: {node: '>=6.0.0'}

  '@jridgewell/sourcemap-codec@1.5.5':
    resolution: {integrity: sha512-cYQ9310grqxueWbl+WuIUIaiUaDcj7WOq5fVhEljNVgRfOUhY9fy2zTvfoqWsnebh8Sl70VScFbICvJnLKB0Og==}

  '@jridgewell/trace-mapping@0.3.31':
    resolution: {integrity: sha512-zzNR+SdQSDJzc8joaeP8QQoCQr8NuYx2dIIytl1QeBEZHJ9uW6hebsrYgbz8hJwUQao3TWCMtmfV8Nu1twOLAw==}

  '@types/luxon@3.7.1':
    resolution: {integrity: sha512-H3iskjFIAn5SlJU7OuxUmTEpebK6TKB8rxZShDslBMZJ5u9S//KM1sbdAisiSrqwLQncVjnpi2OK2J51h+4lsg==}

  ansi-styles@6.2.3:
    resolution: {integrity: sha512-4Dj6M28JB+oAH8kFkTLUo+a2jwOFkuqb3yucU0CANcRRUbxS0cP0nZYCGjcc3BNXwRIsUVmDGgzawme7zvJHvg==}
    engines: {node: '>=12'}

  browser-or-node@3.0.0:
    resolution: {integrity: sha512-iczIdVJzGEYhP5DqQxYM9Hh7Ztpqqi+CXZpSmX8ALFs9ecXkQIeqRyM6TfxEfMVpwhl3dSuDvxdzzo9sUOIVBQ==}

  debug@4.4.3:
    resolution: {integrity: sha512-RGwwWnwQvkVfavKVt22FGLw+xYSdzARwm0ru6DhTVA3umU5hZc28V3kO4stgYryrTlLpuvgI9GiijltAjNbcqA==}
    engines: {node: '>=6.0'}
    peerDependencies:
      supports-color: '*'
    peerDependenciesMeta:
      supports-color:
        optional: true

  deep-eql@5.0.2:
    resolution: {integrity: sha512-h5k/5U50IJJFpzfL6nO9jaaumfjO/f2NjK/oYB2Djzm4p9L+3T9qWpZqZ2hAbLPuuYq9wrU08WQyBTL5GbPk5Q==}
    engines: {node: '>=6'}

  deepcopy-esm@2.1.1:
    resolution: {integrity: sha512-0lopQd/gi3excE3sgBrjuR3gJv6ZElk027i30pUgdjtvSJl/OoZ8B6L42GUBm6C3G8hD1EB5ir2gTYnINzWx4g==}
    engines: {node: '>=22'}

  diff@8.0.2:
    resolution: {integrity: sha512-sSuxWU5j5SR9QQji/o2qMvqRNYRDOcBTgsJ/DeCf4iSN4gW+gNMXM7wFIP+fdXZxoNiAnHUTGjCr+TSWXdRDKg==}
    engines: {node: '>=0.3.1'}

  expect-type@1.3.0:
    resolution: {integrity: sha512-knvyeauYhqjOYvQ66MznSMs83wmHrCycNEN6Ao+2AeYEfxUIkuiVxdEa1qlGEPK+We3n0THiDciYSsCcgW/DoA==}
    engines: {node: '>=12.0.0'}

  js-tokens@4.0.0:
    resolution: {integrity: sha512-RdJUflcE3cUzKiMqQgsCu06FPu9UdIJO0beYbPhHN4k6apgJtifcoCtT9bcxOpYBtpD2kCM6Sbzg4CausW/PKQ==}

  jsesc@3.1.0:
    resolution: {integrity: sha512-/sM3dO2FOzXjKQhJuo0Q173wf2KOo8t4I8vHy6lF9poUp7bKT0/NHE8fPX23PwfhnykfqnC2xRxOnVw5XuGIaA==}
    engines: {node: '>=6'}
    hasBin: true

  json5@2.2.3:
    resolution: {integrity: sha512-XmOWe7eyHYH14cLdVPoyg+GOH3rYX++KpzrylJwSW98t3Nk+U8XOl8FWKOgwtzdb8lXGf6zYwDUzeHMWfxasyg==}
    engines: {node: '>=6'}
    hasBin: true

  luxon@3.7.2:
    resolution: {integrity: sha512-vtEhXh/gNjI9Yg1u4jX/0YVPMvxzHuGgCm6tC5kZyb08yjGWGnqAjGJvcXbqQR2P3MyMEFnRbpcdFS6PBcLqew==}
    engines: {node: '>=12'}

  ms@2.1.3:
    resolution: {integrity: sha512-6FlzubTLZG3J2a/NVCAleEhjzq5oxgHyaCU9yYXvcLsvoVaHJq/s5xXI6/XXP6tz7R9xAOtHnSO/tXtF3WRTlA==}

  picocolors@1.1.1:
    resolution: {integrity: sha512-xceH2snhtb5M9liqDsmEw56le376mTZkEX/jEb/RxNFyegNul7eNslCXP9FDj/Lcu0X8KEyMceP2ntpaHrDEVA==}

  prettier-plugin-multiline-arrays@4.1.3:
    resolution: {integrity: sha512-V1U2EtLCvaoid1lDPReN4Gxw888dGmedJsz61Wfw36z/oG4NIcm3i13gdiUAKRvFKbf+iPsYO1a076tlksD/Tw==}
    engines: {node: '>=20'}
    peerDependencies:
      prettier: '>=3.0.0 <4.0.0'

  prettier@3.7.4:
    resolution: {integrity: sha512-v6UNi1+3hSlVvv8fSaoUbggEM5VErKmmpGA7Pl3HF8V6uKY7rvClBOJlH6yNwQtfTueNkGVpOv/mtWL9L4bgRA==}
    engines: {node: '>=14'}
    hasBin: true

  proxy-vir@2.0.1:
    resolution: {integrity: sha512-hjy5mWzHZhgRGh0f90f0Bz3VrGUe0T+AlhwnETakzRdvaN9RtPYLQG1+ZuEzSDK95FAhPYd26nEi1xVrXqvBwg==}
    engines: {node: '>=22'}

  semver@7.7.3:
    resolution: {integrity: sha512-SdsKMrI9TdgjdweUSR9MweHA4EJ8YxHn8DFaDisvhVlUOe4BF1tLD7GAj0lIqWVl+dPb/rExr0Btby5loQm20Q==}
    engines: {node: '>=10'}
    hasBin: true

  tagged-tag@1.0.0:
    resolution: {integrity: sha512-yEFYrVhod+hdNyx7g5Bnkkb0G6si8HJurOoOEgC8B/O0uXLHlaey/65KRv6cuWBNhBgHKAROVpc7QyYqE5gFng==}
    engines: {node: '>=20'}

  type-fest@5.3.1:
    resolution: {integrity: sha512-VCn+LMHbd4t6sF3wfU/+HKT63C9OoyrSIf4b+vtWHpt2U7/4InZG467YDNMFMR70DdHjAdpPWmw2lzRdg0Xqqg==}
    engines: {node: '>=20'}

  typed-event-target@4.1.0:
    resolution: {integrity: sha512-fDFhZb7ofywLsVv8mYePD6ONfCpVHyM1t2dboEJx/XMsnflljnu3GQ5qH09hS1USuypGMR7wRbdWQPydgJ8nGQ==}
    engines: {node: '>=22'}

snapshots:

  '@augment-vir/assert@31.56.0':
    dependencies:
      '@augment-vir/core': 31.56.0
      '@date-vir/duration': 8.1.0
      deep-eql: 5.0.2
      expect-type: 1.3.0
      type-fest: 5.3.1

  '@augment-vir/common@31.56.0':
    dependencies:
      '@augment-vir/assert': 31.56.0
      '@augment-vir/core': 31.56.0
      '@date-vir/duration': 8.1.0
      ansi-styles: 6.2.3
      deepcopy-esm: 2.1.1
      json5: 2.2.3
      type-fest: 5.3.1
      typed-event-target: 4.1.0

  '@augment-vir/core@31.56.0':
    dependencies:
      '@date-vir/duration': 8.1.0
      browser-or-node: 3.0.0
      diff: 8.0.2
      json5: 2.2.3
      type-fest: 5.3.1

  '@babel/code-frame@7.27.1':
    dependencies:
      '@babel/helper-validator-identifier': 7.28.5
      js-tokens: 4.0.0
      picocolors: 1.1.1

  '@babel/generator@7.28.5':
    dependencies:
      '@babel/parser': 7.28.5
      '@babel/types': 7.28.5
      '@jridgewell/gen-mapping': 0.3.13
      '@jridgewell/trace-mapping': 0.3.31
      jsesc: 3.1.0

  '@babel/helper-globals@7.28.0': {}

  '@babel/helper-string-parser@7.27.1': {}

  '@babel/helper-validator-identifier@7.28.5': {}

  '@babel/parser@7.28.5':
    dependencies:
      '@babel/types': 7.28.5

  '@babel/template@7.27.2':
    dependencies:
      '@babel/code-frame': 7.27.1
      '@babel/parser': 7.28.5
      '@babel/types': 7.28.5

  '@babel/traverse@7.28.5':
    dependencies:
      '@babel/code-frame': 7.27.1
      '@babel/generator': 7.28.5
      '@babel/helper-globals': 7.28.0
      '@babel/parser': 7.28.5
      '@babel/template': 7.27.2
      '@babel/types': 7.28.5
      debug: 4.4.3
    transitivePeerDependencies:
      - supports-color

  '@babel/types@7.28.5':
    dependencies:
      '@babel/helper-string-parser': 7.27.1
      '@babel/helper-validator-identifier': 7.28.5

  '@date-vir/duration@8.1.0':
    dependencies:
      '@types/luxon': 3.7.1
      luxon: 3.7.2
      type-fest: 5.3.1

  '@ianvs/prettier-plugin-sort-imports@4.7.0(prettier@3.7.4)':
    dependencies:
      '@babel/generator': 7.28.5
      '@babel/parser': 7.28.5
      '@babel/traverse': 7.28.5
      '@babel/types': 7.28.5
      prettier: 3.7.4
      semver: 7.7.3
    transitivePeerDependencies:
      - supports-color

  '@jridgewell/gen-mapping@0.3.13':
    dependencies:
      '@jridgewell/sourcemap-codec': 1.5.5
      '@jridgewell/trace-mapping': 0.3.31

  '@jridgewell/resolve-uri@3.1.2': {}

  '@jridgewell/sourcemap-codec@1.5.5': {}

  '@jridgewell/trace-mapping@0.3.31':
    dependencies:
      '@jridgewell/resolve-uri': 3.1.2
      '@jridgewell/sourcemap-codec': 1.5.5

  '@types/luxon@3.7.1': {}

  ansi-styles@6.2.3: {}

  browser-or-node@3.0.0: {}

  debug@4.4.3:
    dependencies:
      ms: 2.1.3

  deep-eql@5.0.2: {}

  deepcopy-esm@2.1.1: {}

  diff@8.0.2: {}

  expect-type@1.3.0: {}

  js-tokens@4.0.0: {}

  jsesc@3.1.0: {}

  json5@2.2.3: {}

  luxon@3.7.2: {}

  ms@2.1.3: {}

  picocolors@1.1.1: {}

  prettier-plugin-multiline-arrays@4.1.3(prettier@3.7.4):
    dependencies:
      '@augment-vir/common': 31.56.0
      prettier: 3.7.4
      proxy-vir: 2.0.1

  prettier@3.7.4: {}

  proxy-vir@2.0.1:
    dependencies:
      '@augment-vir/assert': 31.56.0
      '@augment-vir/common': 31.56.0

  semver@7.7.3: {}

  tagged-tag@1.0.0: {}

  type-fest@5.3.1:
    dependencies:
      tagged-tag: 1.0.0

  typed-event-target@4.1.0:
    dependencies:
      '@augment-vir/assert': 31.56.0
      '@augment-vir/common': 31.56.0
      '@augment-vir/core': 31.56.0
